
Microsoft Visual Studio Solution File, Format Version 12.00
# Visual Studio Version 17
VisualStudioVersion = 17.2.32526.322
MinimumVisualStudioVersion = 10.0.40219.1
Project("{FAE04EC0-301F-11D3-BF4B-00C04F79EFBC}") = "WpfApp7", "WpfApp7\WpfApp7.csproj", "{7162F821-B71A-4C7F-813F-0CD5E9B52DD7}"
EndProject
Global
	GlobalSection(SolutionConfigurationPlatforms) = preSolution
		Debug|Any CPU = Debug|Any CPU
		Release|Any CPU = Release|Any CPU
	EndGlobalSection
	GlobalSection(ProjectConfigurationPlatforms) = postSolution
		{7162F821-B71A-4C7F-813F-0CD5E9B52DD7}.Debug|Any CPU.ActiveCfg = Debug|Any CPU
		{7162F821-B71A-4C7F-813F-0CD5E9B52DD7}.Debug|Any CPU.Build.0 = Debug|Any CPU
		{7162F821-B71A-4C7F-813F-0CD5E9B52DD7}.Release|Any CPU.ActiveCfg = Release|Any CPU
		{7162F821-B71A-4C7F-813F-0CD5E9B52DD7}.Release|Any CPU.Build.0 = Release|Any CPU
	EndGlobalSection
	GlobalSection(SolutionProperties) = preSolution
		HideSolutionNode = FALSE
	EndGlobalSection
	GlobalSection(ExtensibilityGlobals) = postSolution
		SolutionGuid = {836537CE-0871-4D88-B416-0D571F497034}
	EndGlobalSection
EndGlobal
